Microsoft Visual Studio Solution File, Format Version 12.00
# Visual Studio Version 17
VisualStudioVersion = 17.4.33020.164
MinimumVisualStudioVersion = 10.0.40219.1
Project("{FAE04EC0-301F-11D3-BF4B-00C04F79EFBC}") = "Blazinga.Samples", "src\Blazinga.Samples\Blazinga.Samples.csproj", "{3867C3EC-6066-49BE-A9FB-256287B1D051}"
EndProject
Project("{FAE04EC0-301F-11D3-BF4B-00C04F79EFBC}") = "Blazinga", "src\Blazinga\Blazinga.csproj", "{5415F1A8-D724-F0CC-CD63-783F7134A304}"
EndProject
Global
	GlobalSection(SolutionConfigurationPlatforms) = preSolution
		Debug|Any CPU = Debug|Any CPU
		Release|Any CPU = Release|Any CPU
	EndGlobalSection
	GlobalSection(ProjectConfigurationPlatforms) = postSolution
		{3867C3EC-6066-49BE-A9FB-256287B1D051}.Debug|Any CPU.ActiveCfg = Debug|Any CPU
		{3867C3EC-6066-49BE-A9FB-256287B1D051}.Debug|Any CPU.Build.0 = Debug|Any CPU
		{3867C3EC-6066-49BE-A9FB-256287B1D051}.Release|Any CPU.ActiveCfg = Release|Any CPU
		{3867C3EC-6066-49BE-A9FB-256287B1D051}.Release|Any CPU.Build.0 = Release|Any CPU
		{5415F1A8-D724-F0CC-CD63-783F7134A304}.Debug|Any CPU.ActiveCfg = Debug|Any CPU
		{5415F1A8-D724-F0CC-CD63-783F7134A304}.Debug|Any CPU.Build.0 = Debug|Any CPU
		{5415F1A8-D724-F0CC-CD63-783F7134A304}.Release|Any CPU.ActiveCfg = Release|Any CPU
		{5415F1A8-D724-F0CC-CD63-783F7134A304}.Release|Any CPU.Build.0 = Release|Any CPU
	EndGlobalSection
	GlobalSection(SolutionProperties) = preSolution
		HideSolutionNode = FALSE
	EndGlobalSection
	GlobalSection(ExtensibilityGlobals) = postSolution
		SolutionGuid = {75ADA577-005B-41D7-96D9-34091729FDAA}
	EndGlobalSection
EndGlobal
